
Microsoft Visual Studio Solution File, Format Version 12.00
# Visual Studio Version 17
VisualStudioVersion = 17.14.36401.2
MinimumVisualStudioVersion = 10.0.40219.1
Project("{2150E333-8FDC-42A3-9474-1A3956D46DE8}") = "Services", "Services", "{02EA681E-C7D8-13C7-8484-4AC65E1B71E8}"
EndProject
Project("{2150E333-8FDC-42A3-9474-1A3956D46DE8}") = "Catalog", "Catalog", "{B960D052-C91A-4A4B-8C65-5CCD957A44E3}"
EndProject
Project("{FAE04EC0-301F-11D3-BF4B-00C04F79EFBC}") = "Catalog.Api", "Services\Catalog\Catalog.Api\Catalog.Api.csproj", "{7C38AA81-B489-4224-86E2-921888341C43}"
EndProject
Project("{E53339B2-1760-4266-BCC7-CA923CBCF16C}") = "docker-compose", "docker-compose.dcproj", "{81DDED9D-158B-E303-5F62-77A2896D2A5A}"
EndProject
Project("{2150E333-8FDC-42A3-9474-1A3956D46DE8}") = "Basket", "Basket", "{61A691F0-C005-49EE-84C3-27FEA2704E14}"
EndProject
Project("{FAE04EC0-301F-11D3-BF4B-00C04F79EFBC}") = "Basket.Api", "Services\Basket\Basket.Api\Basket.Api.csproj", "{D4E1F565-1BD3-490A-BF17-D50BA71DB319}"
EndProject
Project("{2150E333-8FDC-42A3-9474-1A3956D46DE8}") = "Discount", "Discount", "{3E542E9E-2ECA-4650-A3DC-D57C8C10DB1B}"
EndProject
Project("{FAE04EC0-301F-11D3-BF4B-00C04F79EFBC}") = "Discount.Api", "Services\Discount\Discount.Api\Discount.Api.csproj", "{A57AEF21-DCB6-49A0-87FF-EC9497C4E5EF}"
EndProject
Project("{FAE04EC0-301F-11D3-BF4B-00C04F79EFBC}") = "Discount.Grpc", "Services\Discount\Discount.Grpc\Discount.Grpc.csproj", "{C7C4A372-B244-4527-8565-0CDD53B57000}"
EndProject
Project("{2150E333-8FDC-42A3-9474-1A3956D46DE8}") = "Ordering", "Ordering", "{2A60FBFF-A982-4728-B9F2-6D97F3659E48}"
EndProject
Project("{FAE04EC0-301F-11D3-BF4B-00C04F79EFBC}") = "Ordering.Api", "Services\Ordering\Ordering.Api\Ordering.Api.csproj", "{2CE7F038-50DE-4733-9B68-CF525BAC0AFB}"
EndProject
Project("{FAE04EC0-301F-11D3-BF4B-00C04F79EFBC}") = "Ordering.Domain", "Services\Ordering\Ordering.Domain\Ordering.Domain.csproj", "{61007F68-D78F-43A0-AA4C-022A490F7F60}"
EndProject
Project("{FAE04EC0-301F-11D3-BF4B-00C04F79EFBC}") = "Ordering.Application", "Services\Ordering\Ordering.Application\Ordering.Application.csproj", "{743CC6CF-3BEF-4DAE-A8EC-17DD4F4450A6}"
EndProject
Project("{FAE04EC0-301F-11D3-BF4B-00C04F79EFBC}") = "Ordering.Infrastructure", "Services\Ordering\Ordering.Infrastructure\Ordering.Infrastructure.csproj", "{80E89CC4-2E09-4CD1-8F26-533A28C93420}"
EndProject
Project("{2150E333-8FDC-42A3-9474-1A3956D46DE8}") = "BuildingBlocks", "BuildingBlocks", "{568FD8E0-E915-4426-AD36-10EB4C71FB2C}"
EndProject
Project("{FAE04EC0-301F-11D3-BF4B-00C04F79EFBC}") = "EventBus.Messages", "BuildingBlocks\EventBus.Messages\EventBus.Messages.csproj", "{BAD9BF7A-BDAD-4944-AFFC-B6FD92F2BC22}"
EndProject
Global
	GlobalSection(SolutionConfigurationPlatforms) = preSolution
		Debug|Any CPU = Debug|Any CPU
		Release|Any CPU = Release|Any CPU
	EndGlobalSection
	GlobalSection(ProjectConfigurationPlatforms) = postSolution
		{7C38AA81-B489-4224-86E2-921888341C43}.Debug|Any CPU.ActiveCfg = Debug|Any CPU
		{7C38AA81-B489-4224-86E2-921888341C43}.Debug|Any CPU.Build.0 = Debug|Any CPU
		{7C38AA81-B489-4224-86E2-921888341C43}.Release|Any CPU.ActiveCfg = Release|Any CPU
		{7C38AA81-B489-4224-86E2-921888341C43}.Release|Any CPU.Build.0 = Release|Any CPU
		{81DDED9D-158B-E303-5F62-77A2896D2A5A}.Debug|Any CPU.ActiveCfg = Debug|Any CPU
		{81DDED9D-158B-E303-5F62-77A2896D2A5A}.Debug|Any CPU.Build.0 = Debug|Any CPU
		{81DDED9D-158B-E303-5F62-77A2896D2A5A}.Release|Any CPU.ActiveCfg = Release|Any CPU
		{81DDED9D-158B-E303-5F62-77A2896D2A5A}.Release|Any CPU.Build.0 = Release|Any CPU
		{D4E1F565-1BD3-490A-BF17-D50BA71DB319}.Debug|Any CPU.ActiveCfg = Debug|Any CPU
		{D4E1F565-1BD3-490A-BF17-D50BA71DB319}.Debug|Any CPU.Build.0 = Debug|Any CPU
		{D4E1F565-1BD3-490A-BF17-D50BA71DB319}.Release|Any CPU.ActiveCfg = Release|Any CPU
		{D4E1F565-1BD3-490A-BF17-D50BA71DB319}.Release|Any CPU.Build.0 = Release|Any CPU
		{A57AEF21-DCB6-49A0-87FF-EC9497C4E5EF}.Debug|Any CPU.ActiveCfg = Debug|Any CPU
		{A57AEF21-DCB6-49A0-87FF-EC9497C4E5EF}.Debug|Any CPU.Build.0 = Debug|Any CPU
		{A57AEF21-DCB6-49A0-87FF-EC9497C4E5EF}.Release|Any CPU.ActiveCfg = Release|Any CPU
		{A57AEF21-DCB6-49A0-87FF-EC9497C4E5EF}.Release|Any CPU.Build.0 = Release|Any CPU
		{C7C4A372-B244-4527-8565-0CDD53B57000}.Debug|Any CPU.ActiveCfg = Debug|Any CPU
		{C7C4A372-B244-4527-8565-0CDD53B57000}.Debug|Any CPU.Build.0 = Debug|Any CPU
		{C7C4A372-B244-4527-8565-0CDD53B57000}.Release|Any CPU.ActiveCfg = Release|Any CPU
		{C7C4A372-B244-4527-8565-0CDD53B57000}.Release|Any CPU.Build.0 = Release|Any CPU
		{2CE7F038-50DE-4733-9B68-CF525BAC0AFB}.Debug|Any CPU.ActiveCfg = Debug|Any CPU
		{2CE7F038-50DE-4733-9B68-CF525BAC0AFB}.Debug|Any CPU.Build.0 = Debug|Any CPU
		{2CE7F038-50DE-4733-9B68-CF525BAC0AFB}.Release|Any CPU.ActiveCfg = Release|Any CPU
		{2CE7F038-50DE-4733-9B68-CF525BAC0AFB}.Release|Any CPU.Build.0 = Release|Any CPU
		{61007F68-D78F-43A0-AA4C-022A490F7F60}.Debug|Any CPU.ActiveCfg = Debug|Any CPU
		{61007F68-D78F-43A0-AA4C-022A490F7F60}.Debug|Any CPU.Build.0 = Debug|Any CPU
		{61007F68-D78F-43A0-AA4C-022A490F7F60}.Release|Any CPU.ActiveCfg = Release|Any CPU
		{61007F68-D78F-43A0-AA4C-022A490F7F60}.Release|Any CPU.Build.0 = Release|Any CPU
		{743CC6CF-3BEF-4DAE-A8EC-17DD4F4450A6}.Debug|Any CPU.ActiveCfg = Debug|Any CPU
		{743CC6CF-3BEF-4DAE-A8EC-17DD4F4450A6}.Debug|Any CPU.Build.0 = Debug|Any CPU
		{743CC6CF-3BEF-4DAE-A8EC-17DD4F4450A6}.Release|Any CPU.ActiveCfg = Release|Any CPU
		{743CC6CF-3BEF-4DAE-A8EC-17DD4F4450A6}.Release|Any CPU.Build.0 = Release|Any CPU
		{80E89CC4-2E09-4CD1-8F26-533A28C93420}.Debug|Any CPU.ActiveCfg = Debug|Any CPU
		{80E89CC4-2E09-4CD1-8F26-533A28C93420}.Debug|Any CPU.Build.0 = Debug|Any CPU
		{80E89CC4-2E09-4CD1-8F26-533A28C93420}.Release|Any CPU.ActiveCfg = Release|Any CPU
		{80E89CC4-2E09-4CD1-8F26-533A28C93420}.Release|Any CPU.Build.0 = Release|Any CPU
		{BAD9BF7A-BDAD-4944-AFFC-B6FD92F2BC22}.Debug|Any CPU.ActiveCfg = Debug|Any CPU
		{BAD9BF7A-BDAD-4944-AFFC-B6FD92F2BC22}.Debug|Any CPU.Build.0 = Debug|Any CPU
		{BAD9BF7A-BDAD-4944-AFFC-B6FD92F2BC22}.Release|Any CPU.ActiveCfg = Release|Any CPU
		{BAD9BF7A-BDAD-4944-AFFC-B6FD92F2BC22}.Release|Any CPU.Build.0 = Release|Any CPU
	EndGlobalSection
	GlobalSection(SolutionProperties) = preSolution
		HideSolutionNode = FALSE
	EndGlobalSection
	GlobalSection(NestedProjects) = preSolution
		{B960D052-C91A-4A4B-8C65-5CCD957A44E3} = {02EA681E-C7D8-13C7-8484-4AC65E1B71E8}
		{7C38AA81-B489-4224-86E2-921888341C43} = {B960D052-C91A-4A4B-8C65-5CCD957A44E3}
		{61A691F0-C005-49EE-84C3-27FEA2704E14} = {02EA681E-C7D8-13C7-8484-4AC65E1B71E8}
		{D4E1F565-1BD3-490A-BF17-D50BA71DB319} = {61A691F0-C005-49EE-84C3-27FEA2704E14}
		{3E542E9E-2ECA-4650-A3DC-D57C8C10DB1B} = {02EA681E-C7D8-13C7-8484-4AC65E1B71E8}
		{A57AEF21-DCB6-49A0-87FF-EC9497C4E5EF} = {3E542E9E-2ECA-4650-A3DC-D57C8C10DB1B}
		{C7C4A372-B244-4527-8565-0CDD53B57000} = {3E542E9E-2ECA-4650-A3DC-D57C8C10DB1B}
		{2A60FBFF-A982-4728-B9F2-6D97F3659E48} = {02EA681E-C7D8-13C7-8484-4AC65E1B71E8}
		{2CE7F038-50DE-4733-9B68-CF525BAC0AFB} = {2A60FBFF-A982-4728-B9F2-6D97F3659E48}
		{61007F68-D78F-43A0-AA4C-022A490F7F60} = {2A60FBFF-A982-4728-B9F2-6D97F3659E48}
		{743CC6CF-3BEF-4DAE-A8EC-17DD4F4450A6} = {2A60FBFF-A982-4728-B9F2-6D97F3659E48}
		{80E89CC4-2E09-4CD1-8F26-533A28C93420} = {2A60FBFF-A982-4728-B9F2-6D97F3659E48}
		{BAD9BF7A-BDAD-4944-AFFC-B6FD92F2BC22} = {568FD8E0-E915-4426-AD36-10EB4C71FB2C}
	EndGlobalSection
	GlobalSection(ExtensibilityGlobals) = postSolution
		SolutionGuid = {767821F5-9B8A-44AA-9E37-547204326E2C}
	EndGlobalSection
EndGlobal
